
Microsoft Visual Studio Solution File, Format Version 12.00
# Visual Studio 15
VisualStudioVersion = 15.0.27130.2020
MinimumVisualStudioVersion = 10.0.40219.1
Project("{2150E333-8FDC-42A3-9474-1A3956D46DE8}") = "01_BaseUtilities", "01_BaseUtilities", "{C845BDA7-F8E6-4DFA-9441-D3F277174DC6}"
EndProject
Project("{9A19103F-16F7-4668-BE54-9A1E7A4F7556}") = "BaseUtility.LogUtil", "LogUtil\BaseUtility.LogUtil.csproj", "{582520B8-552B-4D2D-AE3A-9E3D6BA9B0C9}"
EndProject
Project("{9A19103F-16F7-4668-BE54-9A1E7A4F7556}") = "BaseUtility.OfficeUtil", "OfficeUtil\BaseUtility.OfficeUtil.csproj", "{2E955048-949C-44A8-B116-E9FDDDBC4283}"
EndProject
Project("{9A19103F-16F7-4668-BE54-9A1E7A4F7556}") = "BaseUtility.FileUtil", "FileUtil\BaseUtility.FileUtil.csproj", "{A3CE19A1-8A9D-4445-A07C-5C272FB8418A}"
EndProject
Project("{2150E333-8FDC-42A3-9474-1A3956D46DE8}") = "02_Data", "02_Data", "{0F33B72B-DE67-464E-9121-891CB3CA4D86}"
EndProject
Project("{2150E333-8FDC-42A3-9474-1A3956D46DE8}") = "03_Cache", "03_Cache", "{9EB66211-DDC2-42D9-B3B4-3A0A1C211703}"
EndProject
Project("{2150E333-8FDC-42A3-9474-1A3956D46DE8}") = "04_MicroServices", "04_MicroServices", "{5D41167D-1D05-4BAB-925E-47B055FCE9C5}"
EndProject
Project("{2150E333-8FDC-42A3-9474-1A3956D46DE8}") = "06_Apps", "06_Apps", "{1E5B1911-454E-426C-BF33-8CFCF68FB0F7}"
EndProject
Project("{2150E333-8FDC-42A3-9474-1A3956D46DE8}") = "02_WinFormApps", "02_WinFormApps", "{A1222E96-A7A2-4AEF-AEE4-B5558566EA84}"
EndProject
Project("{2150E333-8FDC-42A3-9474-1A3956D46DE8}") = "01_ConsoleApps", "01_ConsoleApps", "{C5ADBE34-CC5C-43E0-9A31-7D30E8553FA5}"
EndProject
Project("{2150E333-8FDC-42A3-9474-1A3956D46DE8}") = "02_MobileWebApp", "02_MobileWebApp", "{15BDBA3B-CF33-46AB-8458-1981A93A72E1}"
EndProject
Project("{2150E333-8FDC-42A3-9474-1A3956D46DE8}") = "01_PcWebApp", "01_PcWebApp", "{7BDC83A4-C058-4E75-ADBC-93A3017A7EE3}"
EndProject
Project("{2150E333-8FDC-42A3-9474-1A3956D46DE8}") = "03_WpfApps", "03_WpfApps", "{7E8255A7-CE76-455D-9D47-8173C038753A}"
EndProject
Project("{2150E333-8FDC-42A3-9474-1A3956D46DE8}") = "04_WebApps", "04_WebApps", "{9F1B79B4-2D91-4859-B653-A5BA03544948}"
EndProject
Project("{2150E333-8FDC-42A3-9474-1A3956D46DE8}") = "05_ApiGateway", "05_ApiGateway", "{557769C3-5C8C-446B-8A4D-04B1E2C385E7}"
EndProject
Project("{9A19103F-16F7-4668-BE54-9A1E7A4F7556}") = "BaseUtility.ServiceDiscovery", "ServiceDiscovery\BaseUtility.ServiceDiscovery.csproj", "{1DD5F9D9-F811-420C-947A-42E81879F8CB}"
EndProject
Project("{2150E333-8FDC-42A3-9474-1A3956D46DE8}") = "01_Core", "01_Core", "{66DD733D-B1BD-42A8-89C8-4E81B31F8171}"
EndProject
Project("{2150E333-8FDC-42A3-9474-1A3956D46DE8}") = "02_UI", "02_UI", "{7B917BB6-9913-49AE-955B-984EE6B0FA79}"
EndProject
Project("{2150E333-8FDC-42A3-9474-1A3956D46DE8}") = "02_JqueryHtml", "02_JqueryHtml", "{1DC7D2F9-28EC-4A53-80A2-2F73DB5E0DB5}"
EndProject
Project("{2150E333-8FDC-42A3-9474-1A3956D46DE8}") = "03_Vue", "03_Vue", "{0E52D557-A33E-40D4-9064-EC474BBEE22A}"
EndProject
Project("{2150E333-8FDC-42A3-9474-1A3956D46DE8}") = "04_Angular", "04_Angular", "{CAD6B04F-6BC1-48A2-BABE-DFD17FFF22FE}"
EndProject
Project("{2150E333-8FDC-42A3-9474-1A3956D46DE8}") = "05_React", "05_React", "{C18ED89A-03E8-4F7B-92FB-0FD250D6F92C}"
EndProject
Project("{2150E333-8FDC-42A3-9474-1A3956D46DE8}") = "01_AspNetCoreMvc", "01_AspNetCoreMvc", "{9352037E-6DD6-4E88-A590-D56A6F838AA1}"
EndProject
Project("{2150E333-8FDC-42A3-9474-1A3956D46DE8}") = "01_AspNetCoreMvc", "01_AspNetCoreMvc", "{0D277389-3E23-486B-B63C-E5E465901798}"
EndProject
Project("{2150E333-8FDC-42A3-9474-1A3956D46DE8}") = "02_JqueryHtml", "02_JqueryHtml", "{2A49BE03-C398-4E35-8A27-FCEB9AF60A89}"
EndProject
Project("{2150E333-8FDC-42A3-9474-1A3956D46DE8}") = "03_Vue", "03_Vue", "{616C8CFB-DCEA-4534-A7F2-D20D1868D5C4}"
EndProject
Project("{2150E333-8FDC-42A3-9474-1A3956D46DE8}") = "04_Angular", "04_Angular", "{C6F93180-C9BF-4E8A-86FA-B200EDA87316}"
EndProject
Project("{2150E333-8FDC-42A3-9474-1A3956D46DE8}") = "05_React", "05_React", "{D528C124-4D56-4054-87BC-5E97FF841B6E}"
EndProject
Project("{2150E333-8FDC-42A3-9474-1A3956D46DE8}") = "00_CodeGenerageWebApp", "00_CodeGenerageWebApp", "{F3F08C79-51D2-4FFD-9392-6267DC0C467C}"
EndProject
Project("{2150E333-8FDC-42A3-9474-1A3956D46DE8}") = "00_CodeGeneratorService", "00_CodeGeneratorService", "{72DC1B69-6677-4B1F-925C-41DA34101FC5}"
EndProject
Project("{2150E333-8FDC-42A3-9474-1A3956D46DE8}") = "01_SsoService", "01_SsoService", "{99795555-BDE0-48A7-AFA3-24B85A78E123}"
EndProject
Project("{2150E333-8FDC-42A3-9474-1A3956D46DE8}") = "02_WorkflowService", "02_WorkflowService", "{6BC12839-A4A0-435D-A5D3-4A06E7997704}"
EndProject
Project("{2150E333-8FDC-42A3-9474-1A3956D46DE8}") = "03_ReportService", "03_ReportService", "{7E09C7AC-EBCD-4219-A994-FEE3411BBFCC}"
EndProject
Project("{2150E333-8FDC-42A3-9474-1A3956D46DE8}") = "04_ScheduleTaskService", "04_ScheduleTaskService", "{FDBF4D18-047B-4D20-98AA-D46D82300BB5}"
EndProject
Project("{2150E333-8FDC-42A3-9474-1A3956D46DE8}") = "05_IMService", "05_IMService", "{851B3824-C904-45CA-AEFF-1AB3EAEE8BFC}"
EndProject
Project("{2150E333-8FDC-42A3-9474-1A3956D46DE8}") = "06_CmsService", "06_CmsService", "{25F50A62-6FF2-40D6-BF55-A373073DF019}"
EndProject
Project("{2150E333-8FDC-42A3-9474-1A3956D46DE8}") = "07_OAService", "07_OAService", "{97BC2EE2-0C63-4770-8F3C-EF9C4F296297}"
EndProject
Project("{2150E333-8FDC-42A3-9474-1A3956D46DE8}") = "08_HRService", "08_HRService", "{A3396287-1FAA-42E8-9A7A-9E306EF18DD2}"
EndProject
Project("{9A19103F-16F7-4668-BE54-9A1E7A4F7556}") = "Data.DbFactory", "Data.DbFactory\Data.DbFactory.csproj", "{DC23E6E1-7669-4854-9B25-D8C247ADC8EF}"
EndProject
Project("{FAE04EC0-301F-11D3-BF4B-00C04F79EFBC}") = "SsoService.WebApi", "SsoService.WebApi\SsoService.WebApi.csproj", "{49821EA0-9AE7-49C5-922F-A77736319D31}"
EndProject
Project("{FAE04EC0-301F-11D3-BF4B-00C04F79EFBC}") = "Data.Orm.ServiceStack", "Data.Orm.ServiceStack\Data.Orm.ServiceStack.csproj", "{9E0D37B9-9131-4C49-8A02-E7A1E228185F}"
EndProject
Project("{FAE04EC0-301F-11D3-BF4B-00C04F79EFBC}") = "Data.Orm.Dapper", "Data.Orm.Dapper\Data.Orm.Dapper.csproj", "{CED5A1B8-1713-42D9-9E83-CFA7008E4B04}"
EndProject
Project("{FAE04EC0-301F-11D3-BF4B-00C04F79EFBC}") = "Data.Orm.EF", "Data.Orm.EF\Data.Orm.EF.csproj", "{AC72F94A-24A6-4B22-B592-C7D9B6862C27}"
EndProject
Project("{FAE04EC0-301F-11D3-BF4B-00C04F79EFBC}") = "Data.Orm.Chloe", "Data.Orm.Chloe\Data.Orm.Chloe.csproj", "{091F3B42-66C5-4B15-8A4E-0F92653DEC2E}"
EndProject
Project("{2150E333-8FDC-42A3-9474-1A3956D46DE8}") = "Data.Orm", "Data.Orm", "{A2723B86-1942-4954-B77E-6DBD1D7BBFF1}"
EndProject
Project("{FAE04EC0-301F-11D3-BF4B-00C04F79EFBC}") = "BaseUtility.Ioc", "BaseUtility.Ioc\BaseUtility.Ioc.csproj", "{BB8EF5AC-3F2D-4CF6-8E16-004D7E99CDB3}"
EndProject
Global
	GlobalSection(SolutionConfigurationPlatforms) = preSolution
		Debug|Any CPU = Debug|Any CPU
		Release|Any CPU = Release|Any CPU
	EndGlobalSection
	GlobalSection(ProjectConfigurationPlatforms) = postSolution
		{582520B8-552B-4D2D-AE3A-9E3D6BA9B0C9}.Debug|Any CPU.ActiveCfg = Debug|Any CPU
		{582520B8-552B-4D2D-AE3A-9E3D6BA9B0C9}.Debug|Any CPU.Build.0 = Debug|Any CPU
		{582520B8-552B-4D2D-AE3A-9E3D6BA9B0C9}.Release|Any CPU.ActiveCfg = Release|Any CPU
		{582520B8-552B-4D2D-AE3A-9E3D6BA9B0C9}.Release|Any CPU.Build.0 = Release|Any CPU
		{2E955048-949C-44A8-B116-E9FDDDBC4283}.Debug|Any CPU.ActiveCfg = Debug|Any CPU
		{2E955048-949C-44A8-B116-E9FDDDBC4283}.Debug|Any CPU.Build.0 = Debug|Any CPU
		{2E955048-949C-44A8-B116-E9FDDDBC4283}.Release|Any CPU.ActiveCfg = Release|Any CPU
		{2E955048-949C-44A8-B116-E9FDDDBC4283}.Release|Any CPU.Build.0 = Release|Any CPU
		{A3CE19A1-8A9D-4445-A07C-5C272FB8418A}.Debug|Any CPU.ActiveCfg = Debug|Any CPU
		{A3CE19A1-8A9D-4445-A07C-5C272FB8418A}.Debug|Any CPU.Build.0 = Debug|Any CPU
		{A3CE19A1-8A9D-4445-A07C-5C272FB8418A}.Release|Any CPU.ActiveCfg = Release|Any CPU
		{A3CE19A1-8A9D-4445-A07C-5C272FB8418A}.Release|Any CPU.Build.0 = Release|Any CPU
		{1DD5F9D9-F811-420C-947A-42E81879F8CB}.Debug|Any CPU.ActiveCfg = Debug|Any CPU
		{1DD5F9D9-F811-420C-947A-42E81879F8CB}.Debug|Any CPU.Build.0 = Debug|Any CPU
		{1DD5F9D9-F811-420C-947A-42E81879F8CB}.Release|Any CPU.ActiveCfg = Release|Any CPU
		{1DD5F9D9-F811-420C-947A-42E81879F8CB}.Release|Any CPU.Build.0 = Release|Any CPU
		{DC23E6E1-7669-4854-9B25-D8C247ADC8EF}.Debug|Any CPU.ActiveCfg = Debug|Any CPU
		{DC23E6E1-7669-4854-9B25-D8C247ADC8EF}.Debug|Any CPU.Build.0 = Debug|Any CPU
		{DC23E6E1-7669-4854-9B25-D8C247ADC8EF}.Release|Any CPU.ActiveCfg = Release|Any CPU
		{DC23E6E1-7669-4854-9B25-D8C247ADC8EF}.Release|Any CPU.Build.0 = Release|Any CPU
		{49821EA0-9AE7-49C5-922F-A77736319D31}.Debug|Any CPU.ActiveCfg = Debug|Any CPU
		{49821EA0-9AE7-49C5-922F-A77736319D31}.Debug|Any CPU.Build.0 = Debug|Any CPU
		{49821EA0-9AE7-49C5-922F-A77736319D31}.Release|Any CPU.ActiveCfg = Release|Any CPU
		{49821EA0-9AE7-49C5-922F-A77736319D31}.Release|Any CPU.Build.0 = Release|Any CPU
		{9E0D37B9-9131-4C49-8A02-E7A1E228185F}.Debug|Any CPU.ActiveCfg = Debug|Any CPU
		{9E0D37B9-9131-4C49-8A02-E7A1E228185F}.Debug|Any CPU.Build.0 = Debug|Any CPU
		{9E0D37B9-9131-4C49-8A02-E7A1E228185F}.Release|Any CPU.ActiveCfg = Release|Any CPU
		{9E0D37B9-9131-4C49-8A02-E7A1E228185F}.Release|Any CPU.Build.0 = Release|Any CPU
		{CED5A1B8-1713-42D9-9E83-CFA7008E4B04}.Debug|Any CPU.ActiveCfg = Debug|Any CPU
		{CED5A1B8-1713-42D9-9E83-CFA7008E4B04}.Debug|Any CPU.Build.0 = Debug|Any CPU
		{CED5A1B8-1713-42D9-9E83-CFA7008E4B04}.Release|Any CPU.ActiveCfg = Release|Any CPU
		{CED5A1B8-1713-42D9-9E83-CFA7008E4B04}.Release|Any CPU.Build.0 = Release|Any CPU
		{AC72F94A-24A6-4B22-B592-C7D9B6862C27}.Debug|Any CPU.ActiveCfg = Debug|Any CPU
		{AC72F94A-24A6-4B22-B592-C7D9B6862C27}.Debug|Any CPU.Build.0 = Debug|Any CPU
		{AC72F94A-24A6-4B22-B592-C7D9B6862C27}.Release|Any CPU.ActiveCfg = Release|Any CPU
		{AC72F94A-24A6-4B22-B592-C7D9B6862C27}.Release|Any CPU.Build.0 = Release|Any CPU
		{091F3B42-66C5-4B15-8A4E-0F92653DEC2E}.Debug|Any CPU.ActiveCfg = Debug|Any CPU
		{091F3B42-66C5-4B15-8A4E-0F92653DEC2E}.Debug|Any CPU.Build.0 = Debug|Any CPU
		{091F3B42-66C5-4B15-8A4E-0F92653DEC2E}.Release|Any CPU.ActiveCfg = Release|Any CPU
		{091F3B42-66C5-4B15-8A4E-0F92653DEC2E}.Release|Any CPU.Build.0 = Release|Any CPU
		{BB8EF5AC-3F2D-4CF6-8E16-004D7E99CDB3}.Debug|Any CPU.ActiveCfg = Debug|Any CPU
		{BB8EF5AC-3F2D-4CF6-8E16-004D7E99CDB3}.Debug|Any CPU.Build.0 = Debug|Any CPU
		{BB8EF5AC-3F2D-4CF6-8E16-004D7E99CDB3}.Release|Any CPU.ActiveCfg = Release|Any CPU
		{BB8EF5AC-3F2D-4CF6-8E16-004D7E99CDB3}.Release|Any CPU.Build.0 = Release|Any CPU
	EndGlobalSection
	GlobalSection(SolutionProperties) = preSolution
		HideSolutionNode = FALSE
	EndGlobalSection
	GlobalSection(NestedProjects) = preSolution
		{582520B8-552B-4D2D-AE3A-9E3D6BA9B0C9} = {C845BDA7-F8E6-4DFA-9441-D3F277174DC6}
		{2E955048-949C-44A8-B116-E9FDDDBC4283} = {C845BDA7-F8E6-4DFA-9441-D3F277174DC6}
		{A3CE19A1-8A9D-4445-A07C-5C272FB8418A} = {C845BDA7-F8E6-4DFA-9441-D3F277174DC6}
		{A1222E96-A7A2-4AEF-AEE4-B5558566EA84} = {1E5B1911-454E-426C-BF33-8CFCF68FB0F7}
		{C5ADBE34-CC5C-43E0-9A31-7D30E8553FA5} = {1E5B1911-454E-426C-BF33-8CFCF68FB0F7}
		{15BDBA3B-CF33-46AB-8458-1981A93A72E1} = {9F1B79B4-2D91-4859-B653-A5BA03544948}
		{7BDC83A4-C058-4E75-ADBC-93A3017A7EE3} = {9F1B79B4-2D91-4859-B653-A5BA03544948}
		{7E8255A7-CE76-455D-9D47-8173C038753A} = {1E5B1911-454E-426C-BF33-8CFCF68FB0F7}
		{9F1B79B4-2D91-4859-B653-A5BA03544948} = {1E5B1911-454E-426C-BF33-8CFCF68FB0F7}
		{1DD5F9D9-F811-420C-947A-42E81879F8CB} = {C845BDA7-F8E6-4DFA-9441-D3F277174DC6}
		{66DD733D-B1BD-42A8-89C8-4E81B31F8171} = {557769C3-5C8C-446B-8A4D-04B1E2C385E7}
		{7B917BB6-9913-49AE-955B-984EE6B0FA79} = {557769C3-5C8C-446B-8A4D-04B1E2C385E7}
		{1DC7D2F9-28EC-4A53-80A2-2F73DB5E0DB5} = {7BDC83A4-C058-4E75-ADBC-93A3017A7EE3}
		{0E52D557-A33E-40D4-9064-EC474BBEE22A} = {7BDC83A4-C058-4E75-ADBC-93A3017A7EE3}
		{CAD6B04F-6BC1-48A2-BABE-DFD17FFF22FE} = {7BDC83A4-C058-4E75-ADBC-93A3017A7EE3}
		{C18ED89A-03E8-4F7B-92FB-0FD250D6F92C} = {7BDC83A4-C058-4E75-ADBC-93A3017A7EE3}
		{9352037E-6DD6-4E88-A590-D56A6F838AA1} = {7BDC83A4-C058-4E75-ADBC-93A3017A7EE3}
		{0D277389-3E23-486B-B63C-E5E465901798} = {15BDBA3B-CF33-46AB-8458-1981A93A72E1}
		{2A49BE03-C398-4E35-8A27-FCEB9AF60A89} = {15BDBA3B-CF33-46AB-8458-1981A93A72E1}
		{616C8CFB-DCEA-4534-A7F2-D20D1868D5C4} = {15BDBA3B-CF33-46AB-8458-1981A93A72E1}
		{C6F93180-C9BF-4E8A-86FA-B200EDA87316} = {15BDBA3B-CF33-46AB-8458-1981A93A72E1}
		{D528C124-4D56-4054-87BC-5E97FF841B6E} = {15BDBA3B-CF33-46AB-8458-1981A93A72E1}
		{F3F08C79-51D2-4FFD-9392-6267DC0C467C} = {9F1B79B4-2D91-4859-B653-A5BA03544948}
		{72DC1B69-6677-4B1F-925C-41DA34101FC5} = {5D41167D-1D05-4BAB-925E-47B055FCE9C5}
		{99795555-BDE0-48A7-AFA3-24B85A78E123} = {5D41167D-1D05-4BAB-925E-47B055FCE9C5}
		{6BC12839-A4A0-435D-A5D3-4A06E7997704} = {5D41167D-1D05-4BAB-925E-47B055FCE9C5}
		{7E09C7AC-EBCD-4219-A994-FEE3411BBFCC} = {5D41167D-1D05-4BAB-925E-47B055FCE9C5}
		{FDBF4D18-047B-4D20-98AA-D46D82300BB5} = {5D41167D-1D05-4BAB-925E-47B055FCE9C5}
		{851B3824-C904-45CA-AEFF-1AB3EAEE8BFC} = {5D41167D-1D05-4BAB-925E-47B055FCE9C5}
		{25F50A62-6FF2-40D6-BF55-A373073DF019} = {5D41167D-1D05-4BAB-925E-47B055FCE9C5}
		{97BC2EE2-0C63-4770-8F3C-EF9C4F296297} = {5D41167D-1D05-4BAB-925E-47B055FCE9C5}
		{A3396287-1FAA-42E8-9A7A-9E306EF18DD2} = {5D41167D-1D05-4BAB-925E-47B055FCE9C5}
		{DC23E6E1-7669-4854-9B25-D8C247ADC8EF} = {0F33B72B-DE67-464E-9121-891CB3CA4D86}
		{49821EA0-9AE7-49C5-922F-A77736319D31} = {99795555-BDE0-48A7-AFA3-24B85A78E123}
		{9E0D37B9-9131-4C49-8A02-E7A1E228185F} = {A2723B86-1942-4954-B77E-6DBD1D7BBFF1}
		{CED5A1B8-1713-42D9-9E83-CFA7008E4B04} = {A2723B86-1942-4954-B77E-6DBD1D7BBFF1}
		{AC72F94A-24A6-4B22-B592-C7D9B6862C27} = {A2723B86-1942-4954-B77E-6DBD1D7BBFF1}
		{091F3B42-66C5-4B15-8A4E-0F92653DEC2E} = {A2723B86-1942-4954-B77E-6DBD1D7BBFF1}
		{A2723B86-1942-4954-B77E-6DBD1D7BBFF1} = {0F33B72B-DE67-464E-9121-891CB3CA4D86}
		{BB8EF5AC-3F2D-4CF6-8E16-004D7E99CDB3} = {C845BDA7-F8E6-4DFA-9441-D3F277174DC6}
	EndGlobalSection
	GlobalSection(ExtensibilityGlobals) = postSolution
		SolutionGuid = {A6A572F7-3094-48DB-805B-5CD1D0CE07B5}
	EndGlobalSection
EndGlobal
